PODS:
  - Alamofire (5.4.1)
  - atlantis-proxyman (1.10.0)
  - Differentiator (5.0.0)
  - KIF (3.8.2):
    - KIF/Core (= 3.8.2)
  - KIF/Core (3.8.2)
  - Kingfisher (4.10.1)
  - Nimble (9.2.0)
  - RxAlamofire (6.1.1):
    - RxAlamofire/Core (= 6.1.1)
  - RxAlamofire/Core (6.1.1):
    - Alamofire (~> 5.4)
    - RxSwift (~> 6.0)
  - RxCocoa (6.2.0):
    - RxRelay (= 6.2.0)
    - RxSwift (= 6.2.0)
  - RxDataSources (5.0.0):
    - Differentiator (~> 5.0)
    - RxCocoa (~> 6.0)
    - RxSwift (~> 6.0)
  - RxRelay (6.2.0):
    - RxSwift (= 6.2.0)
  - RxSwift (6.2.0)
  - SDWebImage/Core (5.11.1)
  - SDWebImageSVGCoder (1.6.0):
    - SDWebImage/Core (~> 5.6)
  - SwiftLint (0.44.0)
  - UIImageColors (2.1.0)

DEPENDENCIES:
  - Alamofire
  - atlantis-proxyman
  - KIF
  - Kingfisher (~> 4.0)
  - Nimble
  - RxAlamofire
  - RxCocoa (= 6.2.0)
  - RxDataSources
  - RxSwift (= 6.2.0)
  - SDWebImageSVGCoder
  - SwiftLint
  - UIImageColors

SPEC REPOS:
  trunk:
    - Alamofire
    - atlantis-proxyman
    - Differentiator
    - KIF
    - Kingfisher
    - Nimble
    - RxAlamofire
    - RxCocoa
    - RxDataSources
    - RxRelay
    - RxSwift
    - SDWebImage
    - SDWebImageSVGCoder
    - SwiftLint
    - UIImageColors

SPEC CHECKSUMS:
  Alamofire: 2291f7d21ca607c491dd17642e5d40fdcda0e65c
  atlantis-proxyman: b548baae0c6b704a4d8a28994b7fd65fd9d471a6
  Differentiator: e8497ceab83c1b10ca233716d547b9af21b9344d
  KIF: 046e792c00c407316df8a70941851decc877b124
  Kingfisher: c148cd7b47ebde9989f6bc7c27dcaa79d81279a0
  Nimble: 4f4a345c80b503b3ea13606a4f98405974ee4d0b
  RxAlamofire: beb75a1c452d0de225651db4903f5d29d034a620
  RxCocoa: 4baf94bb35f2c0ab31bc0cb9f1900155f646ba42
  RxDataSources: aa47cc1ed6c500fa0dfecac5c979b723542d79cf
  RxRelay: e72dbfd157807478401ef1982e1c61c945c94b2f
  RxSwift: d356ab7bee873611322f134c5f9ef379fa183d8f
  SDWebImage: a7f831e1a65eb5e285e3fb046a23fcfbf08e696d
  SDWebImageSVGCoder: 020cc0f1ab0ef8ca63a9365c03421d67aa3d4a46
  SwiftLint: e96c0a8c770c7ebbc4d36c55baf9096bb65c4584
  UIImageColors: d2ef3b0877d203cbb06489eeb78ea8b7788caabe

PODFILE CHECKSUM: a9c57eb6fda7e9248e86ff4df4035c759cef44cc

COCOAPODS: 1.10.1
