// !$*UTF8*$!
{
	archiveVersion = 1;
	classes = {
	};
	objectVersion = 51;
	objects = {

/* Begin PBXBuildFile section */
		6F1D87B626764D7F0040B817 /* UITableView+Extension.swift in Sources */ = {isa = PBXBuildFile; fileRef = 6F1D87B526764D7F0040B817 /* UITableView+Extension.swift */; };
		6F1D87B8267651E00040B817 /* UIImageView+Extension.swift in Sources */ = {isa = PBXBuildFile; fileRef = 6F1D87B7267651E00040B817 /* UIImageView+Extension.swift */; };
		6F48391B26750E9500EA7760 /* AppDelegate.swift in Sources */ = {isa = PBXBuildFile; fileRef = 6F48391A26750E9500EA7760 /* AppDelegate.swift */; };
		6F48391D26750E9500EA7760 /* SceneDelegate.swift in Sources */ = {isa = PBXBuildFile; fileRef = 6F48391C26750E9500EA7760 /* SceneDelegate.swift */; };
		6F48392226750E9500EA7760 /* Main.storyboard in Resources */ = {isa = PBXBuildFile; fileRef = 6F48392026750E9500EA7760 /* Main.storyboard */; };
		6F48392426750E9600EA7760 /* Assets.xcassets in Resources */ = {isa = PBXBuildFile; fileRef = 6F48392326750E9600EA7760 /* Assets.xcassets */; };
		6F48392726750E9600EA7760 /* LaunchScreen.storyboard in Resources */ = {isa = PBXBuildFile; fileRef = 6F48392526750E9600EA7760 /* LaunchScreen.storyboard */; };
		6FB4E76D267510DE008B2414 /* PageModel.swift in Sources */ = {isa = PBXBuildFile; fileRef = 6FB4E76C267510DE008B2414 /* PageModel.swift */; };
		6FB4E76F267511E5008B2414 /* HomeViewController.swift in Sources */ = {isa = PBXBuildFile; fileRef = 6FB4E76E267511E5008B2414 /* HomeViewController.swift */; };
		6FB4E77226751368008B2414 /* UIView+Extension.swift in Sources */ = {isa = PBXBuildFile; fileRef = 6FB4E77126751368008B2414 /* UIView+Extension.swift */; };
		6FB4E7742675163F008B2414 /* PokemonListingCell.swift in Sources */ = {isa = PBXBuildFile; fileRef = 6FB4E7732675163F008B2414 /* PokemonListingCell.swift */; };
		6FB4E77726751738008B2414 /* ModeledCellProtocol.swift in Sources */ = {isa = PBXBuildFile; fileRef = 6FB4E77626751738008B2414 /* ModeledCellProtocol.swift */; };
		6FB4E779267519A9008B2414 /* PokemonModel.swift in Sources */ = {isa = PBXBuildFile; fileRef = 6FB4E778267519A9008B2414 /* PokemonModel.swift */; };
		6FB4E77B26751A5D008B2414 /* PokemonListingViewModel.swift in Sources */ = {isa = PBXBuildFile; fileRef = 6FB4E77A26751A5D008B2414 /* PokemonListingViewModel.swift */; };
		6FB4E77D26751EF2008B2414 /* HomeService.swift in Sources */ = {isa = PBXBuildFile; fileRef = 6FB4E77C26751EF2008B2414 /* HomeService.swift */; };
		6FB4E78026751F85008B2414 /* APIURLS.swift in Sources */ = {isa = PBXBuildFile; fileRef = 6FB4E77F26751F85008B2414 /* APIURLS.swift */; };
		D9A3B94930AF81FAAD61880C /* Pods_Pokedex_Swift.framework in Frameworks */ = {isa = PBXBuildFile; fileRef = 21262B9E44A1BA6862AC928B /* Pods_Pokedex_Swift.framework */; };
/* End PBXBuildFile section */

/* Begin PBXFileReference section */
		21262B9E44A1BA6862AC928B /* Pods_Pokedex_Swift.framework */ = {isa = PBXFileReference; explicitFileType = wrapper.framework; includeInIndex = 0; path = Pods_Pokedex_Swift.framework; sourceTree = BUILT_PRODUCTS_DIR; };
		2E9CF5AC898F5D133C859A55 /* Pods-Pokedex-Swift.debug.xcconfig */ = {isa = PBXFileReference; includeInIndex = 1; lastKnownFileType = text.xcconfig; name = "Pods-Pokedex-Swift.debug.xcconfig"; path = "Target Support Files/Pods-Pokedex-Swift/Pods-Pokedex-Swift.debug.xcconfig"; sourceTree = "<group>"; };
		515133DFC78D31A7B305ADD8 /* Pods-Pokedex-Swift.release.xcconfig */ = {isa = PBXFileReference; includeInIndex = 1; lastKnownFileType = text.xcconfig; name = "Pods-Pokedex-Swift.release.xcconfig"; path = "Target Support Files/Pods-Pokedex-Swift/Pods-Pokedex-Swift.release.xcconfig"; sourceTree = "<group>"; };
		6F1D87B526764D7F0040B817 /* UITableView+Extension.swift */ = {isa = PBXFileReference; lastKnownFileType = sourcecode.swift; path = "UITableView+Extension.swift"; sourceTree = "<group>"; };
		6F1D87B7267651E00040B817 /* UIImageView+Extension.swift */ = {isa = PBXFileReference; lastKnownFileType = sourcecode.swift; path = "UIImageView+Extension.swift"; sourceTree = "<group>"; };
		6F48391726750E9500EA7760 /* Pokedex-Swift.app */ = {isa = PBXFileReference; explicitFileType = wrapper.application; includeInIndex = 0; path = "Pokedex-Swift.app"; sourceTree = BUILT_PRODUCTS_DIR; };
		6F48391A26750E9500EA7760 /* AppDelegate.swift */ = {isa = PBXFileReference; lastKnownFileType = sourcecode.swift; path = AppDelegate.swift; sourceTree = "<group>"; };
		6F48391C26750E9500EA7760 /* SceneDelegate.swift */ = {isa = PBXFileReference; lastKnownFileType = sourcecode.swift; path = SceneDelegate.swift; sourceTree = "<group>"; };
		6F48392126750E9500EA7760 /* Base */ = {isa = PBXFileReference; lastKnownFileType = file.storyboard; name = Base; path = Base.lproj/Main.storyboard; sourceTree = "<group>"; };
		6F48392326750E9600EA7760 /* Assets.xcassets */ = {isa = PBXFileReference; lastKnownFileType = folder.assetcatalog; path = Assets.xcassets; sourceTree = "<group>"; };
		6F48392626750E9600EA7760 /* Base */ = {isa = PBXFileReference; lastKnownFileType = file.storyboard; name = Base; path = Base.lproj/LaunchScreen.storyboard; sourceTree = "<group>"; };
		6F48392826750E9600EA7760 /* Info.plist */ = {isa = PBXFileReference; lastKnownFileType = text.plist.xml; path = Info.plist; sourceTree = "<group>"; };
		6FB4E76C267510DE008B2414 /* PageModel.swift */ = {isa = PBXFileReference; lastKnownFileType = sourcecode.swift; path = PageModel.swift; sourceTree = "<group>"; };
		6FB4E76E267511E5008B2414 /* HomeViewController.swift */ = {isa = PBXFileReference; lastKnownFileType = sourcecode.swift; path = HomeViewController.swift; sourceTree = "<group>"; };
		6FB4E77126751368008B2414 /* UIView+Extension.swift */ = {isa = PBXFileReference; lastKnownFileType = sourcecode.swift; path = "UIView+Extension.swift"; sourceTree = "<group>"; };
		6FB4E7732675163F008B2414 /* PokemonListingCell.swift */ = {isa = PBXFileReference; lastKnownFileType = sourcecode.swift; path = PokemonListingCell.swift; sourceTree = "<group>"; };
		6FB4E77626751738008B2414 /* ModeledCellProtocol.swift */ = {isa = PBXFileReference; lastKnownFileType = sourcecode.swift; path = ModeledCellProtocol.swift; sourceTree = "<group>"; };
		6FB4E778267519A9008B2414 /* PokemonModel.swift */ = {isa = PBXFileReference; lastKnownFileType = sourcecode.swift; path = PokemonModel.swift; sourceTree = "<group>"; };
		6FB4E77A26751A5D008B2414 /* PokemonListingViewModel.swift */ = {isa = PBXFileReference; lastKnownFileType = sourcecode.swift; path = PokemonListingViewModel.swift; sourceTree = "<group>"; };
		6FB4E77C26751EF2008B2414 /* HomeService.swift */ = {isa = PBXFileReference; lastKnownFileType = sourcecode.swift; path = HomeService.swift; sourceTree = "<group>"; };
		6FB4E77F26751F85008B2414 /* APIURLS.swift */ = {isa = PBXFileReference; lastKnownFileType = sourcecode.swift; path = APIURLS.swift; sourceTree = "<group>"; };
/* End PBXFileReference section */

/* Begin PBXFrameworksBuildPhase section */
		6F48391426750E9500EA7760 /* Frameworks */ = {
			isa = PBXFrameworksBuildPhase;
			buildActionMask = 2147483647;
			files = (
				D9A3B94930AF81FAAD61880C /* Pods_Pokedex_Swift.framework in Frameworks */,
			);
			runOnlyForDeploymentPostprocessing = 0;
		};
/* End PBXFrameworksBuildPhase section */

/* Begin PBXGroup section */
		28BFA0C76708EFCDAA409120 /* Frameworks */ = {
			isa = PBXGroup;
			children = (
				21262B9E44A1BA6862AC928B /* Pods_Pokedex_Swift.framework */,
			);
			name = Frameworks;
			sourceTree = "<group>";
		};
		6F48390E26750E9500EA7760 = {
			isa = PBXGroup;
			children = (
				6F48391926750E9500EA7760 /* Pokedex-Swift */,
				6F48391826750E9500EA7760 /* Products */,
				A043F87C30D0FCCF30D7375F /* Pods */,
				28BFA0C76708EFCDAA409120 /* Frameworks */,
			);
			sourceTree = "<group>";
		};
		6F48391826750E9500EA7760 /* Products */ = {
			isa = PBXGroup;
			children = (
				6F48391726750E9500EA7760 /* Pokedex-Swift.app */,
			);
			name = Products;
			sourceTree = "<group>";
		};
		6F48391926750E9500EA7760 /* Pokedex-Swift */ = {
			isa = PBXGroup;
			children = (
				6FB4E77E26751F64008B2414 /* APIUtils */,
				6FB4E77526751727008B2414 /* Protocols */,
				6FB4E7702675133E008B2414 /* Extensions */,
				6FB4E76B26750FE1008B2414 /* Home */,
				6F48391A26750E9500EA7760 /* AppDelegate.swift */,
				6F48391C26750E9500EA7760 /* SceneDelegate.swift */,
				6F48392026750E9500EA7760 /* Main.storyboard */,
				6F48392326750E9600EA7760 /* Assets.xcassets */,
				6F48392526750E9600EA7760 /* LaunchScreen.storyboard */,
				6F48392826750E9600EA7760 /* Info.plist */,
			);
			path = "Pokedex-Swift";
			sourceTree = "<group>";
		};
		6FB4E76B26750FE1008B2414 /* Home */ = {
			isa = PBXGroup;
			children = (
				6FB4E76C267510DE008B2414 /* PageModel.swift */,
				6FB4E76E267511E5008B2414 /* HomeViewController.swift */,
				6FB4E7732675163F008B2414 /* PokemonListingCell.swift */,
				6FB4E778267519A9008B2414 /* PokemonModel.swift */,
				6FB4E77A26751A5D008B2414 /* PokemonListingViewModel.swift */,
				6FB4E77C26751EF2008B2414 /* HomeService.swift */,
			);
			path = Home;
			sourceTree = "<group>";
		};
		6FB4E7702675133E008B2414 /* Extensions */ = {
			isa = PBXGroup;
			children = (
				6FB4E77126751368008B2414 /* UIView+Extension.swift */,
				6F1D87B526764D7F0040B817 /* UITableView+Extension.swift */,
				6F1D87B7267651E00040B817 /* UIImageView+Extension.swift */,
			);
			path = Extensions;
			sourceTree = "<group>";
		};
		6FB4E77526751727008B2414 /* Protocols */ = {
			isa = PBXGroup;
			children = (
				6FB4E77626751738008B2414 /* ModeledCellProtocol.swift */,
			);
			path = Protocols;
			sourceTree = "<group>";
		};
		6FB4E77E26751F64008B2414 /* APIUtils */ = {
			isa = PBXGroup;
			children = (
				6FB4E77F26751F85008B2414 /* APIURLS.swift */,
			);
			path = APIUtils;
			sourceTree = "<group>";
		};
		A043F87C30D0FCCF30D7375F /* Pods */ = {
			isa = PBXGroup;
			children = (
				2E9CF5AC898F5D133C859A55 /* Pods-Pokedex-Swift.debug.xcconfig */,
				515133DFC78D31A7B305ADD8 /* Pods-Pokedex-Swift.release.xcconfig */,
			);
			path = Pods;
			sourceTree = "<group>";
		};
/* End PBXGroup section */

/* Begin PBXNativeTarget section */
		6F48391626750E9500EA7760 /* Pokedex-Swift */ = {
			isa = PBXNativeTarget;
			buildConfigurationList = 6F48392B26750E9600EA7760 /* Build configuration list for PBXNativeTarget "Pokedex-Swift" */;
			buildPhases = (
				8A647CF9EE8F6F826720C7E7 /* [CP] Check Pods Manifest.lock */,
				6F48391326750E9500EA7760 /* Sources */,
				6F48391426750E9500EA7760 /* Frameworks */,
				6F48391526750E9500EA7760 /* Resources */,
				A868CD4235595477E0AFFDEC /* [CP] Embed Pods Frameworks */,
			);
			buildRules = (
			);
			dependencies = (
			);
			name = "Pokedex-Swift";
			productName = "Pokedex-Swift";
			productReference = 6F48391726750E9500EA7760 /* Pokedex-Swift.app */;
			productType = "com.apple.product-type.application";
		};
/* End PBXNativeTarget section */

/* Begin PBXProject section */
		6F48390F26750E9500EA7760 /* Project object */ = {
			isa = PBXProject;
			attributes = {
				LastSwiftUpdateCheck = 1250;
				LastUpgradeCheck = 1250;
				TargetAttributes = {
					6F48391626750E9500EA7760 = {
						CreatedOnToolsVersion = 12.5;
					};
				};
			};
			buildConfigurationList = 6F48391226750E9500EA7760 /* Build configuration list for PBXProject "Pokedex-Swift" */;
			compatibilityVersion = "Xcode 9.3";
			developmentRegion = en;
			hasScannedForEncodings = 0;
			knownRegions = (
				en,
				Base,
			);
			mainGroup = 6F48390E26750E9500EA7760;
			productRefGroup = 6F48391826750E9500EA7760 /* Products */;
			projectDirPath = "";
			projectRoot = "";
			targets = (
				6F48391626750E9500EA7760 /* Pokedex-Swift */,
			);
		};
/* End PBXProject section */

/* Begin PBXResourcesBuildPhase section */
		6F48391526750E9500EA7760 /* Resources */ = {
			isa = PBXResourcesBuildPhase;
			buildActionMask = 2147483647;
			files = (
				6F48392726750E9600EA7760 /* LaunchScreen.storyboard in Resources */,
				6F48392426750E9600EA7760 /* Assets.xcassets in Resources */,
				6F48392226750E9500EA7760 /* Main.storyboard in Resources */,
			);
			runOnlyForDeploymentPostprocessing = 0;
		};
/* End PBXResourcesBuildPhase section */

/* Begin PBXShellScriptBuildPhase section */
		8A647CF9EE8F6F826720C7E7 /* [CP] Check Pods Manifest.lock */ = {
			isa = PBXShellScriptBuildPhase;
			buildActionMask = 2147483647;
			files = (
			);
			inputFileListPaths = (
			);
			inputPaths = (
				"${PODS_PODFILE_DIR_PATH}/Podfile.lock",
				"${PODS_ROOT}/Manifest.lock",
			);
			name = "[CP] Check Pods Manifest.lock";
			outputFileListPaths = (
			);
			outputPaths = (
				"$(DERIVED_FILE_DIR)/Pods-Pokedex-Swift-checkManifestLockResult.txt",
			);
			runOnlyForDeploymentPostprocessing = 0;
			shellPath = /bin/sh;
			shellScript = "diff \"${PODS_PODFILE_DIR_PATH}/Podfile.lock\" \"${PODS_ROOT}/Manifest.lock\" > /dev/null\nif [ $? != 0 ] ; then\n    # print error to STDERR\n    echo \"error: The sandbox is not in sync with the Podfile.lock. Run 'pod install' or update your CocoaPods installation.\" >&2\n    exit 1\nfi\n# This output is used by Xcode 'outputs' to avoid re-running this script phase.\necho \"SUCCESS\" > \"${SCRIPT_OUTPUT_FILE_0}\"\n";
			showEnvVarsInLog = 0;
		};
		A868CD4235595477E0AFFDEC /* [CP] Embed Pods Frameworks */ = {
			isa = PBXShellScriptBuildPhase;
			buildActionMask = 2147483647;
			files = (
			);
			inputFileListPaths = (
				"${PODS_ROOT}/Target Support Files/Pods-Pokedex-Swift/Pods-Pokedex-Swift-frameworks-${CONFIGURATION}-input-files.xcfilelist",
			);
			name = "[CP] Embed Pods Frameworks";
			outputFileListPaths = (
				"${PODS_ROOT}/Target Support Files/Pods-Pokedex-Swift/Pods-Pokedex-Swift-frameworks-${CONFIGURATION}-output-files.xcfilelist",
			);
			runOnlyForDeploymentPostprocessing = 0;
			shellPath = /bin/sh;
			shellScript = "\"${PODS_ROOT}/Target Support Files/Pods-Pokedex-Swift/Pods-Pokedex-Swift-frameworks.sh\"\n";
			showEnvVarsInLog = 0;
		};
/* End PBXShellScriptBuildPhase section */

/* Begin PBXSourcesBuildPhase section */
		6F48391326750E9500EA7760 /* Sources */ = {
			isa = PBXSourcesBuildPhase;
			buildActionMask = 2147483647;
			files = (
				6FB4E77726751738008B2414 /* ModeledCellProtocol.swift in Sources */,
				6F1D87B626764D7F0040B817 /* UITableView+Extension.swift in Sources */,
				6F1D87B8267651E00040B817 /* UIImageView+Extension.swift in Sources */,
				6FB4E77226751368008B2414 /* UIView+Extension.swift in Sources */,
				6FB4E76F267511E5008B2414 /* HomeViewController.swift in Sources */,
				6FB4E7742675163F008B2414 /* PokemonListingCell.swift in Sources */,
				6FB4E77D26751EF2008B2414 /* HomeService.swift in Sources */,
				6F48391B26750E9500EA7760 /* AppDelegate.swift in Sources */,
				6FB4E78026751F85008B2414 /* APIURLS.swift in Sources */,
				6FB4E76D267510DE008B2414 /* PageModel.swift in Sources */,
				6FB4E77B26751A5D008B2414 /* PokemonListingViewModel.swift in Sources */,
				6FB4E779267519A9008B2414 /* PokemonModel.swift in Sources */,
				6F48391D26750E9500EA7760 /* SceneDelegate.swift in Sources */,
			);
			runOnlyForDeploymentPostprocessing = 0;
		};
/* End PBXSourcesBuildPhase section */

/* Begin PBXVariantGroup section */
		6F48392026750E9500EA7760 /* Main.storyboard */ = {
			isa = PBXVariantGroup;
			children = (
				6F48392126750E9500EA7760 /* Base */,
			);
			name = Main.storyboard;
			sourceTree = "<group>";
		};
		6F48392526750E9600EA7760 /* LaunchScreen.storyboard */ = {
			isa = PBXVariantGroup;
			children = (
				6F48392626750E9600EA7760 /* Base */,
			);
			name = LaunchScreen.storyboard;
			sourceTree = "<group>";
		};
/* End PBXVariantGroup section */

/* Begin XCBuildConfiguration section */
		6F48392926750E9600EA7760 /* Debug */ = {
			isa = XCBuildConfiguration;
			buildSettings = {
				ALWAYS_SEARCH_USER_PATHS = NO;
				CLANG_ANALYZER_NONNULL = YES;
				CLANG_ANALYZER_NUMBER_OBJECT_CONVERSION = YES_AGGRESSIVE;
				CLANG_CXX_LANGUAGE_STANDARD = "gnu++14";
				CLANG_CXX_LIBRARY = "libc++";
				CLANG_ENABLE_MODULES = YES;
				CLANG_ENABLE_OBJC_ARC = YES;
				CLANG_ENABLE_OBJC_WEAK = YES;
				CLANG_WARN_BLOCK_CAPTURE_AUTORELEASING = YES;
				CLANG_WARN_BOOL_CONVERSION = YES;
				CLANG_WARN_COMMA = YES;
				CLANG_WARN_CONSTANT_CONVERSION = YES;
				CLANG_WARN_DEPRECATED_OBJC_IMPLEMENTATIONS = YES;
				CLANG_WARN_DIRECT_OBJC_ISA_USAGE = YES_ERROR;
				CLANG_WARN_DOCUMENTATION_COMMENTS = YES;
				CLANG_WARN_EMPTY_BODY = YES;
				CLANG_WARN_ENUM_CONVERSION = YES;
				CLANG_WARN_INFINITE_RECURSION = YES;
				CLANG_WARN_INT_CONVERSION = YES;
				CLANG_WARN_NON_LITERAL_NULL_CONVERSION = YES;
				CLANG_WARN_OBJC_IMPLICIT_RETAIN_SELF = YES;
				CLANG_WARN_OBJC_LITERAL_CONVERSION = YES;
				CLANG_WARN_OBJC_ROOT_CLASS = YES_ERROR;
				CLANG_WARN_QUOTED_INCLUDE_IN_FRAMEWORK_HEADER = YES;
				CLANG_WARN_RANGE_LOOP_ANALYSIS = YES;
				CLANG_WARN_STRICT_PROTOTYPES = YES;
				CLANG_WARN_SUSPICIOUS_MOVE = YES;
				CLANG_WARN_UNGUARDED_AVAILABILITY = YES_AGGRESSIVE;
				CLANG_WARN_UNREACHABLE_CODE = YES;
				CLANG_WARN__DUPLICATE_METHOD_MATCH = YES;
				COPY_PHASE_STRIP = NO;
				DEBUG_INFORMATION_FORMAT = dwarf;
				ENABLE_STRICT_OBJC_MSGSEND = YES;
				ENABLE_TESTABILITY = YES;
				GCC_C_LANGUAGE_STANDARD = gnu11;
				GCC_DYNAMIC_NO_PIC = NO;
				GCC_NO_COMMON_BLOCKS = YES;
				GCC_OPTIMIZATION_LEVEL = 0;
				GCC_PREPROCESSOR_DEFINITIONS = (
					"DEBUG=1",
					"$(inherited)",
				);
				GCC_WARN_64_TO_32_BIT_CONVERSION = YES;
				GCC_WARN_ABOUT_RETURN_TYPE = YES_ERROR;
				GCC_WARN_UNDECLARED_SELECTOR = YES;
				GCC_WARN_UNINITIALIZED_AUTOS = YES_AGGRESSIVE;
				GCC_WARN_UNUSED_FUNCTION = YES;
				GCC_WARN_UNUSED_VARIABLE = YES;
				IPHONEOS_DEPLOYMENT_TARGET = 14.5;
				MTL_ENABLE_DEBUG_INFO = INCLUDE_SOURCE;
				MTL_FAST_MATH = YES;
				ONLY_ACTIVE_ARCH = YES;
				SDKROOT = iphoneos;
				SWIFT_ACTIVE_COMPILATION_CONDITIONS = DEBUG;
				SWIFT_OPTIMIZATION_LEVEL = "-Onone";
			};
			name = Debug;
		};
		6F48392A26750E9600EA7760 /* Release */ = {
			isa = XCBuildConfiguration;
			buildSettings = {
				ALWAYS_SEARCH_USER_PATHS = NO;
				CLANG_ANALYZER_NONNULL = YES;
				CLANG_ANALYZER_NUMBER_OBJECT_CONVERSION = YES_AGGRESSIVE;
				CLANG_CXX_LANGUAGE_STANDARD = "gnu++14";
				CLANG_CXX_LIBRARY = "libc++";
				CLANG_ENABLE_MODULES = YES;
				CLANG_ENABLE_OBJC_ARC = YES;
				CLANG_ENABLE_OBJC_WEAK = YES;
				CLANG_WARN_BLOCK_CAPTURE_AUTORELEASING = YES;
				CLANG_WARN_BOOL_CONVERSION = YES;
				CLANG_WARN_COMMA = YES;
				CLANG_WARN_CONSTANT_CONVERSION = YES;
				CLANG_WARN_DEPRECATED_OBJC_IMPLEMENTATIONS = YES;
				CLANG_WARN_DIRECT_OBJC_ISA_USAGE = YES_ERROR;
				CLANG_WARN_DOCUMENTATION_COMMENTS = YES;
				CLANG_WARN_EMPTY_BODY = YES;
				CLANG_WARN_ENUM_CONVERSION = YES;
				CLANG_WARN_INFINITE_RECURSION = YES;
				CLANG_WARN_INT_CONVERSION = YES;
				CLANG_WARN_NON_LITERAL_NULL_CONVERSION = YES;
				CLANG_WARN_OBJC_IMPLICIT_RETAIN_SELF = YES;
				CLANG_WARN_OBJC_LITERAL_CONVERSION = YES;
				CLANG_WARN_OBJC_ROOT_CLASS = YES_ERROR;
				CLANG_WARN_QUOTED_INCLUDE_IN_FRAMEWORK_HEADER = YES;
				CLANG_WARN_RANGE_LOOP_ANALYSIS = YES;
				CLANG_WARN_STRICT_PROTOTYPES = YES;
				CLANG_WARN_SUSPICIOUS_MOVE = YES;
				CLANG_WARN_UNGUARDED_AVAILABILITY = YES_AGGRESSIVE;
				CLANG_WARN_UNREACHABLE_CODE = YES;
				CLANG_WARN__DUPLICATE_METHOD_MATCH = YES;
				COPY_PHASE_STRIP = NO;
				DEBUG_INFORMATION_FORMAT = "dwarf-with-dsym";
				ENABLE_NS_ASSERTIONS = NO;
				ENABLE_STRICT_OBJC_MSGSEND = YES;
				GCC_C_LANGUAGE_STANDARD = gnu11;
				GCC_NO_COMMON_BLOCKS = YES;
				GCC_WARN_64_TO_32_BIT_CONVERSION = YES;
				GCC_WARN_ABOUT_RETURN_TYPE = YES_ERROR;
				GCC_WARN_UNDECLARED_SELECTOR = YES;
				GCC_WARN_UNINITIALIZED_AUTOS = YES_AGGRESSIVE;
				GCC_WARN_UNUSED_FUNCTION = YES;
				GCC_WARN_UNUSED_VARIABLE = YES;
				IPHONEOS_DEPLOYMENT_TARGET = 14.5;
				MTL_ENABLE_DEBUG_INFO = NO;
				MTL_FAST_MATH = YES;
				SDKROOT = iphoneos;
				SWIFT_COMPILATION_MODE = wholemodule;
				SWIFT_OPTIMIZATION_LEVEL = "-O";
				VALIDATE_PRODUCT = YES;
			};
			name = Release;
		};
		6F48392C26750E9600EA7760 /* Debug */ = {
			isa = XCBuildConfiguration;
			baseConfigurationReference = 2E9CF5AC898F5D133C859A55 /* Pods-Pokedex-Swift.debug.xcconfig */;
			buildSettings = {
				ASSETCATALOG_COMPILER_APPICON_NAME = AppIcon;
				ASSETCATALOG_COMPILER_GLOBAL_ACCENT_COLOR_NAME = AccentColor;
				CODE_SIGN_STYLE = Automatic;
				DEVELOPMENT_TEAM = TQ452L5YSH;
				INFOPLIST_FILE = "Pokedex-Swift/Info.plist";
				LD_RUNPATH_SEARCH_PATHS = (
					"$(inherited)",
					"@executable_path/Frameworks",
				);
				PRODUCT_BUNDLE_IDENTIFIER = "com.thallesaraujo.Pokedex-Swift";
				PRODUCT_NAME = "$(TARGET_NAME)";
				SWIFT_VERSION = 5.0;
				TARGETED_DEVICE_FAMILY = "1,2";
			};
			name = Debug;
		};
		6F48392D26750E9600EA7760 /* Release */ = {
			isa = XCBuildConfiguration;
			baseConfigurationReference = 515133DFC78D31A7B305ADD8 /* Pods-Pokedex-Swift.release.xcconfig */;
			buildSettings = {
				ASSETCATALOG_COMPILER_APPICON_NAME = AppIcon;
				ASSETCATALOG_COMPILER_GLOBAL_ACCENT_COLOR_NAME = AccentColor;
				CODE_SIGN_STYLE = Automatic;
				DEVELOPMENT_TEAM = TQ452L5YSH;
				INFOPLIST_FILE = "Pokedex-Swift/Info.plist";
				LD_RUNPATH_SEARCH_PATHS = (
					"$(inherited)",
					"@executable_path/Frameworks",
				);
				PRODUCT_BUNDLE_IDENTIFIER = "com.thallesaraujo.Pokedex-Swift";
				PRODUCT_NAME = "$(TARGET_NAME)";
				SWIFT_VERSION = 5.0;
				TARGETED_DEVICE_FAMILY = "1,2";
			};
			name = Release;
		};
/* End XCBuildConfiguration section */

/* Begin XCConfigurationList section */
		6F48391226750E9500EA7760 /* Build configuration list for PBXProject "Pokedex-Swift" */ = {
			isa = XCConfigurationList;
			buildConfigurations = (
				6F48392926750E9600EA7760 /* Debug */,
				6F48392A26750E9600EA7760 /* Release */,
			);
			defaultConfigurationIsVisible = 0;
			defaultConfigurationName = Release;
		};
		6F48392B26750E9600EA7760 /* Build configuration list for PBXNativeTarget "Pokedex-Swift" */ = {
			isa = XCConfigurationList;
			buildConfigurations = (
				6F48392C26750E9600EA7760 /* Debug */,
				6F48392D26750E9600EA7760 /* Release */,
			);
			defaultConfigurationIsVisible = 0;
			defaultConfigurationName = Release;
		};
/* End XCConfigurationList section */
	};
	rootObject = 6F48390F26750E9500EA7760 /* Project object */;
}
